{
  "requires": true,
  "lockfileVersion": 1,
  "dependencies": {
    "vue-select": {
      "version": "3.20.0",
      "resolved": "https://registry.npmjs.org/vue-select/-/vue-select-3.20.0.tgz",
      "integrity": "sha512-Qau4BzpgAC+/9jM5oTlOrfA81ONdtTFH6PqeSDKvIB56f1F6EbIR8qAotpUxrIiNVppyPFjvVDkyriMfHjWBQA=="
    }
  }
}
