{
  "name": "ui",
  "lockfileVersion": 2,
  "requires": true,
  "packages": {
    "": {
      "dependencies": {
        "vue-select": "^3.16.0"
      }
    },
    "node_modules/vue": {
      "version": "2.6.14",
      "resolved": "https://registry.npmjs.org/vue/-/vue-2.6.14.tgz",
      "integrity": "sha512-x2284lgYvjOMj3Za7kqzRcUSxBboHqtgRE2zlos1qWaOye5yUmHn42LB1250NJBLRwEcdrB0JRwyPTEPhfQjiQ==",
      "peer": true
    },
    "node_modules/vue-select": {
      "version": "3.16.0",
      "resolved": "https://registry.npmjs.org/vue-select/-/vue-select-3.16.0.tgz",
      "integrity": "sha512-F0x7HXTUc5eq7YSjR0uX77RGA+Yk2+I8aMW+NePyPqRX9OPSiDtKpezFIFhnhxqrOvMh4uVR0jHkXIDmzs6nYQ==",
      "peerDependencies": {
        "vue": "2.x"
      }
    }
  },
  "dependencies": {
    "vue": {
      "version": "2.6.14",
      "resolved": "https://registry.npmjs.org/vue/-/vue-2.6.14.tgz",
      "integrity": "sha512-x2284lgYvjOMj3Za7kqzRcUSxBboHqtgRE2zlos1qWaOye5yUmHn42LB1250NJBLRwEcdrB0JRwyPTEPhfQjiQ==",
      "peer": true
    },
    "vue-select": {
      "version": "3.16.0",
      "resolved": "https://registry.npmjs.org/vue-select/-/vue-select-3.16.0.tgz",
      "integrity": "sha512-F0x7HXTUc5eq7YSjR0uX77RGA+Yk2+I8aMW+NePyPqRX9OPSiDtKpezFIFhnhxqrOvMh4uVR0jHkXIDmzs6nYQ==",
      "requires": {}
    }
  }
}
